
Microsoft Visual Studio Solution File, Format Version 12.00
# Visual Studio Version 16
VisualStudioVersion = 16.0.30406.217
MinimumVisualStudioVersion = 10.0.40219.1
Project("{FAE04EC0-301F-11D3-BF4B-00C04F79EFBC}") = "OneCard", "OneCard.csproj", "{653F4FE1-1EC1-4547-9D6A-D875AEEBE999}"
EndProject
Project("{FAE04EC0-301F-11D3-BF4B-00C04F79EFBC}") = "ClsSecurity", "ClsSecurity\ClsSecurity.csproj", "{0FC522FA-7FFB-48F0-8B0A-0DA4FF50EA8E}"
EndProject
Project("{FAE04EC0-301F-11D3-BF4B-00C04F79EFBC}") = "LibDoorManage", "..\LibDoorManage\LibDoorManage.csproj", "{6701A648-3A03-450A-AFE5-3BB666A1280D}"
EndProject
Global
	GlobalSection(SolutionConfigurationPlatforms) = preSolution
		Debug|Any CPU = Debug|Any CPU
		Debug|x86 = Debug|x86
		Release|Any CPU = Release|Any CPU
		Release|x86 = Release|x86
	EndGlobalSection
	GlobalSection(ProjectConfigurationPlatforms) = postSolution
		{653F4FE1-1EC1-4547-9D6A-D875AEEBE999}.Debug|Any CPU.ActiveCfg = Debug|Any CPU
		{653F4FE1-1EC1-4547-9D6A-D875AEEBE999}.Debug|Any CPU.Build.0 = Debug|Any CPU
		{653F4FE1-1EC1-4547-9D6A-D875AEEBE999}.Debug|x86.ActiveCfg = Debug|x86
		{653F4FE1-1EC1-4547-9D6A-D875AEEBE999}.Debug|x86.Build.0 = Debug|x86
		{653F4FE1-1EC1-4547-9D6A-D875AEEBE999}.Release|Any CPU.ActiveCfg = Release|Any CPU
		{653F4FE1-1EC1-4547-9D6A-D875AEEBE999}.Release|Any CPU.Build.0 = Release|Any CPU
		{653F4FE1-1EC1-4547-9D6A-D875AEEBE999}.Release|x86.ActiveCfg = Release|x86
		{653F4FE1-1EC1-4547-9D6A-D875AEEBE999}.Release|x86.Build.0 = Release|x86
		{0FC522FA-7FFB-48F0-8B0A-0DA4FF50EA8E}.Debug|Any CPU.ActiveCfg = Debug|Any CPU
		{0FC522FA-7FFB-48F0-8B0A-0DA4FF50EA8E}.Debug|Any CPU.Build.0 = Debug|Any CPU
		{0FC522FA-7FFB-48F0-8B0A-0DA4FF50EA8E}.Debug|x86.ActiveCfg = Debug|x86
		{0FC522FA-7FFB-48F0-8B0A-0DA4FF50EA8E}.Debug|x86.Build.0 = Debug|x86
		{0FC522FA-7FFB-48F0-8B0A-0DA4FF50EA8E}.Release|Any CPU.ActiveCfg = Release|Any CPU
		{0FC522FA-7FFB-48F0-8B0A-0DA4FF50EA8E}.Release|Any CPU.Build.0 = Release|Any CPU
		{0FC522FA-7FFB-48F0-8B0A-0DA4FF50EA8E}.Release|x86.ActiveCfg = Release|x86
		{0FC522FA-7FFB-48F0-8B0A-0DA4FF50EA8E}.Release|x86.Build.0 = Release|x86
		{6701A648-3A03-450A-AFE5-3BB666A1280D}.Debug|Any CPU.ActiveCfg = Debug|x86
		{6701A648-3A03-450A-AFE5-3BB666A1280D}.Debug|x86.ActiveCfg = Debug|x86
		{6701A648-3A03-450A-AFE5-3BB666A1280D}.Debug|x86.Build.0 = Debug|x86
		{6701A648-3A03-450A-AFE5-3BB666A1280D}.Release|Any CPU.ActiveCfg = Release|x86
		{6701A648-3A03-450A-AFE5-3BB666A1280D}.Release|x86.ActiveCfg = Release|x86
		{6701A648-3A03-450A-AFE5-3BB666A1280D}.Release|x86.Build.0 = Release|x86
	EndGlobalSection
	GlobalSection(SolutionProperties) = preSolution
		HideSolutionNode = FALSE
	EndGlobalSection
	GlobalSection(ExtensibilityGlobals) = postSolution
		SolutionGuid = {D3C534CC-2849-450D-82AD-662F2056807C}
	EndGlobalSection
EndGlobal
